// !$*UTF8*$!
{
	archiveVersion = 1;
	classes = {
	};
	objectVersion = 55;
	objects = {

/* Begin PBXBuildFile section */
		C77826972885033A00B08AFD /* netflixCloneApp.swift in Sources */ = {isa = PBXBuildFile; fileRef = C77826962885033A00B08AFD /* netflixCloneApp.swift */; };
		C77826992885033A00B08AFD /* ContentView.swift in Sources */ = {isa = PBXBuildFile; fileRef = C77826982885033A00B08AFD /* ContentView.swift */; };
		C778269B2885033E00B08AFD /* Assets.xcassets in Resources */ = {isa = PBXBuildFile; fileRef = C778269A2885033E00B08AFD /* Assets.xcassets */; };
		C778269E2885033E00B08AFD /* Preview Assets.xcassets in Resources */ = {isa = PBXBuildFile; fileRef = C778269D2885033E00B08AFD /* Preview Assets.xcassets */; };
		C77826A5288504DC00B08AFD /* HomeView.swift in Sources */ = {isa = PBXBuildFile; fileRef = C77826A4288504DC00B08AFD /* HomeView.swift */; };
		C77826A82885076800B08AFD /* Kingfisher in Frameworks */ = {isa = PBXBuildFile; productRef = C77826A72885076800B08AFD /* Kingfisher */; };
		C77826AC2885089E00B08AFD /* Movie.swift in Sources */ = {isa = PBXBuildFile; fileRef = C77826AB2885089E00B08AFD /* Movie.swift */; };
		C77826AE2885090E00B08AFD /* StandardHomeMovie.swift in Sources */ = {isa = PBXBuildFile; fileRef = C77826AD2885090E00B08AFD /* StandardHomeMovie.swift */; };
		C77826B028850A1700B08AFD /* GlobalHelpers.swift in Sources */ = {isa = PBXBuildFile; fileRef = C77826AF28850A1700B08AFD /* GlobalHelpers.swift */; };
		C77826B22885135300B08AFD /* HomeVM.swift in Sources */ = {isa = PBXBuildFile; fileRef = C77826B12885135300B08AFD /* HomeVM.swift */; };
		C795BA882887BC5600EAAC93 /* TopMoviePreview.swift in Sources */ = {isa = PBXBuildFile; fileRef = C795BA872887BC5600EAAC93 /* TopMoviePreview.swift */; };
/* End PBXBuildFile section */

/* Begin PBXFileReference section */
		C77826932885033A00B08AFD /* netflixClone.app */ = {isa = PBXFileReference; explicitFileType = wrapper.application; includeInIndex = 0; path = netflixClone.app; sourceTree = BUILT_PRODUCTS_DIR; };
		C77826962885033A00B08AFD /* netflixCloneApp.swift */ = {isa = PBXFileReference; lastKnownFileType = sourcecode.swift; path = netflixCloneApp.swift; sourceTree = "<group>"; };
		C77826982885033A00B08AFD /* ContentView.swift */ = {isa = PBXFileReference; lastKnownFileType = sourcecode.swift; path = ContentView.swift; sourceTree = "<group>"; };
		C778269A2885033E00B08AFD /* Assets.xcassets */ = {isa = PBXFileReference; lastKnownFileType = folder.assetcatalog; path = Assets.xcassets; sourceTree = "<group>"; };
		C778269D2885033E00B08AFD /* Preview Assets.xcassets */ = {isa = PBXFileReference; lastKnownFileType = folder.assetcatalog; path = "Preview Assets.xcassets"; sourceTree = "<group>"; };
		C77826A4288504DC00B08AFD /* HomeView.swift */ = {isa = PBXFileReference; lastKnownFileType = sourcecode.swift; path = HomeView.swift; sourceTree = "<group>"; };
		C77826AB2885089E00B08AFD /* Movie.swift */ = {isa = PBXFileReference; lastKnownFileType = sourcecode.swift; path = Movie.swift; sourceTree = "<group>"; };
		C77826AD2885090E00B08AFD /* StandardHomeMovie.swift */ = {isa = PBXFileReference; lastKnownFileType = sourcecode.swift; path = StandardHomeMovie.swift; sourceTree = "<group>"; };
		C77826AF28850A1700B08AFD /* GlobalHelpers.swift */ = {isa = PBXFileReference; lastKnownFileType = sourcecode.swift; path = GlobalHelpers.swift; sourceTree = "<group>"; };
		C77826B12885135300B08AFD /* HomeVM.swift */ = {isa = PBXFileReference; lastKnownFileType = sourcecode.swift; path = HomeVM.swift; sourceTree = "<group>"; };
		C795BA872887BC5600EAAC93 /* TopMoviePreview.swift */ = {isa = PBXFileReference; lastKnownFileType = sourcecode.swift; path = TopMoviePreview.swift; sourceTree = "<group>"; };
/* End PBXFileReference section */

/* Begin PBXFrameworksBuildPhase section */
		C77826902885033A00B08AFD /* Frameworks */ = {
			isa = PBXFrameworksBuildPhase;
			buildActionMask = 2147483647;
			files = (
				C77826A82885076800B08AFD /* Kingfisher in Frameworks */,
			);
			runOnlyForDeploymentPostprocessing = 0;
		};
/* End PBXFrameworksBuildPhase section */

/* Begin PBXGroup section */
		C778268A2885033A00B08AFD = {
			isa = PBXGroup;
			children = (
				C77826952885033A00B08AFD /* netflixClone */,
				C77826942885033A00B08AFD /* Products */,
			);
			sourceTree = "<group>";
		};
		C77826942885033A00B08AFD /* Products */ = {
			isa = PBXGroup;
			children = (
				C77826932885033A00B08AFD /* netflixClone.app */,
			);
			name = Products;
			sourceTree = "<group>";
		};
		C77826952885033A00B08AFD /* netflixClone */ = {
			isa = PBXGroup;
			children = (
				C77826962885033A00B08AFD /* netflixCloneApp.swift */,
				C77826982885033A00B08AFD /* ContentView.swift */,
				C778269A2885033E00B08AFD /* Assets.xcassets */,
				C778269C2885033E00B08AFD /* Preview Content */,
				C77826A4288504DC00B08AFD /* HomeView.swift */,
				C795BA872887BC5600EAAC93 /* TopMoviePreview.swift */,
				C77826B12885135300B08AFD /* HomeVM.swift */,
				C77826AB2885089E00B08AFD /* Movie.swift */,
				C77826AD2885090E00B08AFD /* StandardHomeMovie.swift */,
				C77826AF28850A1700B08AFD /* GlobalHelpers.swift */,
			);
			path = netflixClone;
			sourceTree = "<group>";
		};
		C778269C2885033E00B08AFD /* Preview Content */ = {
			isa = PBXGroup;
			children = (
				C778269D2885033E00B08AFD /* Preview Assets.xcassets */,
			);
			path = "Preview Content";
			sourceTree = "<group>";
		};
/* End PBXGroup section */

/* Begin PBXNativeTarget section */
		C77826922885033A00B08AFD /* netflixClone */ = {
			isa = PBXNativeTarget;
			buildConfigurationList = C77826A12885033E00B08AFD /* Build configuration list for PBXNativeTarget "netflixClone" */;
			buildPhases = (
				C778268F2885033A00B08AFD /* Sources */,
				C77826902885033A00B08AFD /* Frameworks */,
				C77826912885033A00B08AFD /* Resources */,
			);
			buildRules = (
			);
			dependencies = (
			);
			name = netflixClone;
			packageProductDependencies = (
				C77826A72885076800B08AFD /* Kingfisher */,
			);
			productName = netflixClone;
			productReference = C77826932885033A00B08AFD /* netflixClone.app */;
			productType = "com.apple.product-type.application";
		};
/* End PBXNativeTarget section */

/* Begin PBXProject section */
		C778268B2885033A00B08AFD /* Project object */ = {
			isa = PBXProject;
			attributes = {
				BuildIndependentTargetsInParallel = 1;
				LastSwiftUpdateCheck = 1340;
				LastUpgradeCheck = 1340;
				TargetAttributes = {
					C77826922885033A00B08AFD = {
						CreatedOnToolsVersion = 13.4.1;
					};
				};
			};
			buildConfigurationList = C778268E2885033A00B08AFD /* Build configuration list for PBXProject "netflixClone" */;
			compatibilityVersion = "Xcode 13.0";
			developmentRegion = en;
			hasScannedForEncodings = 0;
			knownRegions = (
				en,
				Base,
			);
			mainGroup = C778268A2885033A00B08AFD;
			packageReferences = (
				C77826A62885076800B08AFD /* XCRemoteSwiftPackageReference "Kingfisher" */,
			);
			productRefGroup = C77826942885033A00B08AFD /* Products */;
			projectDirPath = "";
			projectRoot = "";
			targets = (
				C77826922885033A00B08AFD /* netflixClone */,
			);
		};
/* End PBXProject section */

/* Begin PBXResourcesBuildPhase section */
		C77826912885033A00B08AFD /* Resources */ = {
			isa = PBXResourcesBuildPhase;
			buildActionMask = 2147483647;
			files = (
				C778269E2885033E00B08AFD /* Preview Assets.xcassets in Resources */,
				C778269B2885033E00B08AFD /* Assets.xcassets in Resources */,
			);
			runOnlyForDeploymentPostprocessing = 0;
		};
/* End PBXResourcesBuildPhase section */

/* Begin PBXSourcesBuildPhase section */
		C778268F2885033A00B08AFD /* Sources */ = {
			isa = PBXSourcesBuildPhase;
			buildActionMask = 2147483647;
			files = (
				C77826B028850A1700B08AFD /* GlobalHelpers.swift in Sources */,
				C77826A5288504DC00B08AFD /* HomeView.swift in Sources */,
				C77826B22885135300B08AFD /* HomeVM.swift in Sources */,
				C77826992885033A00B08AFD /* ContentView.swift in Sources */,
				C77826AE2885090E00B08AFD /* StandardHomeMovie.swift in Sources */,
				C795BA882887BC5600EAAC93 /* TopMoviePreview.swift in Sources */,
				C77826AC2885089E00B08AFD /* Movie.swift in Sources */,
				C77826972885033A00B08AFD /* netflixCloneApp.swift in Sources */,
			);
			runOnlyForDeploymentPostprocessing = 0;
		};
/* End PBXSourcesBuildPhase section */

/* Begin XCBuildConfiguration section */
		C778269F2885033E00B08AFD /* Debug */ = {
			isa = XCBuildConfiguration;
			buildSettings = {
				ALWAYS_SEARCH_USER_PATHS = NO;
				CLANG_ANALYZER_NONNULL = YES;
				CLANG_ANALYZER_NUMBER_OBJECT_CONVERSION = YES_AGGRESSIVE;
				CLANG_CXX_LANGUAGE_STANDARD = "gnu++17";
				CLANG_ENABLE_MODULES = YES;
				CLANG_ENABLE_OBJC_ARC = YES;
				CLANG_ENABLE_OBJC_WEAK = YES;
				CLANG_WARN_BLOCK_CAPTURE_AUTORELEASING = YES;
				CLANG_WARN_BOOL_CONVERSION = YES;
				CLANG_WARN_COMMA = YES;
				CLANG_WARN_CONSTANT_CONVERSION = YES;
				CLANG_WARN_DEPRECATED_OBJC_IMPLEMENTATIONS = YES;
				CLANG_WARN_DIRECT_OBJC_ISA_USAGE = YES_ERROR;
				CLANG_WARN_DOCUMENTATION_COMMENTS = YES;
				CLANG_WARN_EMPTY_BODY = YES;
				CLANG_WARN_ENUM_CONVERSION = YES;
				CLANG_WARN_INFINITE_RECURSION = YES;
				CLANG_WARN_INT_CONVERSION = YES;
				CLANG_WARN_NON_LITERAL_NULL_CONVERSION = YES;
				CLANG_WARN_OBJC_IMPLICIT_RETAIN_SELF = YES;
				CLANG_WARN_OBJC_LITERAL_CONVERSION = YES;
				CLANG_WARN_OBJC_ROOT_CLASS = YES_ERROR;
				CLANG_WARN_QUOTED_INCLUDE_IN_FRAMEWORK_HEADER = YES;
				CLANG_WARN_RANGE_LOOP_ANALYSIS = YES;
				CLANG_WARN_STRICT_PROTOTYPES = YES;
				CLANG_WARN_SUSPICIOUS_MOVE = YES;
				CLANG_WARN_UNGUARDED_AVAILABILITY = YES_AGGRESSIVE;
				CLANG_WARN_UNREACHABLE_CODE = YES;
				CLANG_WARN__DUPLICATE_METHOD_MATCH = YES;
				COPY_PHASE_STRIP = NO;
				DEBUG_INFORMATION_FORMAT = dwarf;
				ENABLE_STRICT_OBJC_MSGSEND = YES;
				ENABLE_TESTABILITY = YES;
				GCC_C_LANGUAGE_STANDARD = gnu11;
				GCC_DYNAMIC_NO_PIC = NO;
				GCC_NO_COMMON_BLOCKS = YES;
				GCC_OPTIMIZATION_LEVEL = 0;
				GCC_PREPROCESSOR_DEFINITIONS = (
					"DEBUG=1",
					"$(inherited)",
				);
				GCC_WARN_64_TO_32_BIT_CONVERSION = YES;
				GCC_WARN_ABOUT_RETURN_TYPE = YES_ERROR;
				GCC_WARN_UNDECLARED_SELECTOR = YES;
				GCC_WARN_UNINITIALIZED_AUTOS = YES_AGGRESSIVE;
				GCC_WARN_UNUSED_FUNCTION = YES;
				GCC_WARN_UNUSED_VARIABLE = YES;
				IPHONEOS_DEPLOYMENT_TARGET = 15.5;
				MTL_ENABLE_DEBUG_INFO = INCLUDE_SOURCE;
				MTL_FAST_MATH = YES;
				ONLY_ACTIVE_ARCH = YES;
				SDKROOT = iphoneos;
				SWIFT_ACTIVE_COMPILATION_CONDITIONS = DEBUG;
				SWIFT_OPTIMIZATION_LEVEL = "-Onone";
			};
			name = Debug;
		};
		C77826A02885033E00B08AFD /* Release */ = {
			isa = XCBuildConfiguration;
			buildSettings = {
				ALWAYS_SEARCH_USER_PATHS = NO;
				CLANG_ANALYZER_NONNULL = YES;
				CLANG_ANALYZER_NUMBER_OBJECT_CONVERSION = YES_AGGRESSIVE;
				CLANG_CXX_LANGUAGE_STANDARD = "gnu++17";
				CLANG_ENABLE_MODULES = YES;
				CLANG_ENABLE_OBJC_ARC = YES;
				CLANG_ENABLE_OBJC_WEAK = YES;
				CLANG_WARN_BLOCK_CAPTURE_AUTORELEASING = YES;
				CLANG_WARN_BOOL_CONVERSION = YES;
				CLANG_WARN_COMMA = YES;
				CLANG_WARN_CONSTANT_CONVERSION = YES;
				CLANG_WARN_DEPRECATED_OBJC_IMPLEMENTATIONS = YES;
				CLANG_WARN_DIRECT_OBJC_ISA_USAGE = YES_ERROR;
				CLANG_WARN_DOCUMENTATION_COMMENTS = YES;
				CLANG_WARN_EMPTY_BODY = YES;
				CLANG_WARN_ENUM_CONVERSION = YES;
				CLANG_WARN_INFINITE_RECURSION = YES;
				CLANG_WARN_INT_CONVERSION = YES;
				CLANG_WARN_NON_LITERAL_NULL_CONVERSION = YES;
				CLANG_WARN_OBJC_IMPLICIT_RETAIN_SELF = YES;
				CLANG_WARN_OBJC_LITERAL_CONVERSION = YES;
				CLANG_WARN_OBJC_ROOT_CLASS = YES_ERROR;
				CLANG_WARN_QUOTED_INCLUDE_IN_FRAMEWORK_HEADER = YES;
				CLANG_WARN_RANGE_LOOP_ANALYSIS = YES;
				CLANG_WARN_STRICT_PROTOTYPES = YES;
				CLANG_WARN_SUSPICIOUS_MOVE = YES;
				CLANG_WARN_UNGUARDED_AVAILABILITY = YES_AGGRESSIVE;
				CLANG_WARN_UNREACHABLE_CODE = YES;
				CLANG_WARN__DUPLICATE_METHOD_MATCH = YES;
				COPY_PHASE_STRIP = NO;
				DEBUG_INFORMATION_FORMAT = "dwarf-with-dsym";
				ENABLE_NS_ASSERTIONS = NO;
				ENABLE_STRICT_OBJC_MSGSEND = YES;
				GCC_C_LANGUAGE_STANDARD = gnu11;
				GCC_NO_COMMON_BLOCKS = YES;
				GCC_WARN_64_TO_32_BIT_CONVERSION = YES;
				GCC_WARN_ABOUT_RETURN_TYPE = YES_ERROR;
				GCC_WARN_UNDECLARED_SELECTOR = YES;
				GCC_WARN_UNINITIALIZED_AUTOS = YES_AGGRESSIVE;
				GCC_WARN_UNUSED_FUNCTION = YES;
				GCC_WARN_UNUSED_VARIABLE = YES;
				IPHONEOS_DEPLOYMENT_TARGET = 15.5;
				MTL_ENABLE_DEBUG_INFO = NO;
				MTL_FAST_MATH = YES;
				SDKROOT = iphoneos;
				SWIFT_COMPILATION_MODE = wholemodule;
				SWIFT_OPTIMIZATION_LEVEL = "-O";
				VALIDATE_PRODUCT = YES;
			};
			name = Release;
		};
		C77826A22885033E00B08AFD /* Debug */ = {
			isa = XCBuildConfiguration;
			buildSettings = {
				ASSETCATALOG_COMPILER_APPICON_NAME = AppIcon;
				ASSETCATALOG_COMPILER_GLOBAL_ACCENT_COLOR_NAME = AccentColor;
				CODE_SIGN_STYLE = Automatic;
				CURRENT_PROJECT_VERSION = 1;
				DEVELOPMENT_ASSET_PATHS = "\"netflixClone/Preview Content\"";
				ENABLE_PREVIEWS = YES;
				GENERATE_INFOPLIST_FILE = YES;
				INFOPLIST_KEY_UIApplicationSceneManifest_Generation = YES;
				INFOPLIST_KEY_UIApplicationSupportsIndirectInputEvents = YES;
				INFOPLIST_KEY_UILaunchScreen_Generation = YES;
				INFOPLIST_KEY_UISupportedInterfaceOrientations_iPad = "UIInterfaceOrientationPortrait UIInterfaceOrientationPortraitUpsideDown UIInterfaceOrientationLandscapeLeft UIInterfaceOrientationLandscapeRight";
				INFOPLIST_KEY_UISupportedInterfaceOrientations_iPhone = "UIInterfaceOrientationPortrait UIInterfaceOrientationLandscapeLeft UIInterfaceOrientationLandscapeRight";
				LD_RUNPATH_SEARCH_PATHS = (
					"$(inherited)",
					"@executable_path/Frameworks",
				);
				MARKETING_VERSION = 1.0;
				PRODUCT_BUNDLE_IDENTIFIER = com.owenluu.netflixClone;
				PRODUCT_NAME = "$(TARGET_NAME)";
				SWIFT_EMIT_LOC_STRINGS = YES;
				SWIFT_VERSION = 5.0;
				TARGETED_DEVICE_FAMILY = "1,2";
			};
			name = Debug;
		};
		C77826A32885033E00B08AFD /* Release */ = {
			isa = XCBuildConfiguration;
			buildSettings = {
				ASSETCATALOG_COMPILER_APPICON_NAME = AppIcon;
				ASSETCATALOG_COMPILER_GLOBAL_ACCENT_COLOR_NAME = AccentColor;
				CODE_SIGN_STYLE = Automatic;
				CURRENT_PROJECT_VERSION = 1;
				DEVELOPMENT_ASSET_PATHS = "\"netflixClone/Preview Content\"";
				ENABLE_PREVIEWS = YES;
				GENERATE_INFOPLIST_FILE = YES;
				INFOPLIST_KEY_UIApplicationSceneManifest_Generation = YES;
				INFOPLIST_KEY_UIApplicationSupportsIndirectInputEvents = YES;
				INFOPLIST_KEY_UILaunchScreen_Generation = YES;
				INFOPLIST_KEY_UISupportedInterfaceOrientations_iPad = "UIInterfaceOrientationPortrait UIInterfaceOrientationPortraitUpsideDown UIInterfaceOrientationLandscapeLeft UIInterfaceOrientationLandscapeRight";
				INFOPLIST_KEY_UISupportedInterfaceOrientations_iPhone = "UIInterfaceOrientationPortrait UIInterfaceOrientationLandscapeLeft UIInterfaceOrientationLandscapeRight";
				LD_RUNPATH_SEARCH_PATHS = (
					"$(inherited)",
					"@executable_path/Frameworks",
				);
				MARKETING_VERSION = 1.0;
				PRODUCT_BUNDLE_IDENTIFIER = com.owenluu.netflixClone;
				PRODUCT_NAME = "$(TARGET_NAME)";
				SWIFT_EMIT_LOC_STRINGS = YES;
				SWIFT_VERSION = 5.0;
				TARGETED_DEVICE_FAMILY = "1,2";
			};
			name = Release;
		};
/* End XCBuildConfiguration section */

/* Begin XCConfigurationList section */
		C778268E2885033A00B08AFD /* Build configuration list for PBXProject "netflixClone" */ = {
			isa = XCConfigurationList;
			buildConfigurations = (
				C778269F2885033E00B08AFD /* Debug */,
				C77826A02885033E00B08AFD /* Release */,
			);
			defaultConfigurationIsVisible = 0;
			defaultConfigurationName = Release;
		};
		C77826A12885033E00B08AFD /* Build configuration list for PBXNativeTarget "netflixClone" */ = {
			isa = XCConfigurationList;
			buildConfigurations = (
				C77826A22885033E00B08AFD /* Debug */,
				C77826A32885033E00B08AFD /* Release */,
			);
			defaultConfigurationIsVisible = 0;
			defaultConfigurationName = Release;
		};
/* End XCConfigurationList section */

/* Begin XCRemoteSwiftPackageReference section */
		C77826A62885076800B08AFD /* XCRemoteSwiftPackageReference "Kingfisher" */ = {
			isa = XCRemoteSwiftPackageReference;
			repositoryURL = "https://github.com/onevcat/Kingfisher";
			requirement = {
				branch = master;
				kind = branch;
			};
		};
/* End XCRemoteSwiftPackageReference section */

/* Begin XCSwiftPackageProductDependency section */
		C77826A72885076800B08AFD /* Kingfisher */ = {
			isa = XCSwiftPackageProductDependency;
			package = C77826A62885076800B08AFD /* XCRemoteSwiftPackageReference "Kingfisher" */;
			productName = Kingfisher;
		};
/* End XCSwiftPackageProductDependency section */
	};
	rootObject = C778268B2885033A00B08AFD /* Project object */;
}
